
Microsoft Visual Studio Solution File, Format Version 12.00
# Visual Studio Version 16
VisualStudioVersion = 16.0.28922.388
MinimumVisualStudioVersion = 10.0.40219.1
Project("{9A19103F-16F7-4668-BE54-9A1E7A4F7556}") = "Cascade.CodeAnalysis.Cli", "Cascade.Cli\Cascade.CodeAnalysis.Cli.csproj", "{2CC086A5-53D5-48B7-9CF4-6177CC8BBDC8}"
EndProject
Project("{9A19103F-16F7-4668-BE54-9A1E7A4F7556}") = "Cascade.CodeAnalysis.Common", "Cascade.Common\Cascade.CodeAnalysis.Common.csproj", "{D4D2B251-FD52-49A0-BB8E-40EEDC8A26F0}"
EndProject
Project("{9A19103F-16F7-4668-BE54-9A1E7A4F7556}") = "Cascade.CodeAnalysis.Core", "Cascade.Core\Cascade.CodeAnalysis.Core.csproj", "{CBCAFCE0-82A2-4150-B966-FB3C4693CC89}"
EndProject
Project("{9A19103F-16F7-4668-BE54-9A1E7A4F7556}") = "Cascade.CodeAnalysis.Graph", "Cascade.Graph\Cascade.CodeAnalysis.Graph.csproj", "{7FE402D2-CB1B-4F95-A6E2-D3B162888DBB}"
EndProject
Project("{9A19103F-16F7-4668-BE54-9A1E7A4F7556}") = "Cascade.CodeAnalysis.Rule", "Cascade.Rule\Cascade.CodeAnalysis.Rule.csproj", "{235EC321-FF57-4A53-9FB1-87F236F85B56}"
EndProject
Project("{FAE04EC0-301F-11D3-BF4B-00C04F79EFBC}") = "Cascade.CodeAnalysis.UnitTests", "Cascade.CodeAnalysis.UnitTests\Cascade.CodeAnalysis.UnitTests.csproj", "{4B7F56CF-BE97-4AD5-A98B-F53313331F4B}"
EndProject
Global
	GlobalSection(SolutionConfigurationPlatforms) = preSolution
		Debug|Any CPU = Debug|Any CPU
		Release|Any CPU = Release|Any CPU
	EndGlobalSection
	GlobalSection(ProjectConfigurationPlatforms) = postSolution
		{2CC086A5-53D5-48B7-9CF4-6177CC8BBDC8}.Debug|Any CPU.ActiveCfg = Debug|Any CPU
		{2CC086A5-53D5-48B7-9CF4-6177CC8BBDC8}.Debug|Any CPU.Build.0 = Debug|Any CPU
		{2CC086A5-53D5-48B7-9CF4-6177CC8BBDC8}.Release|Any CPU.ActiveCfg = Release|Any CPU
		{2CC086A5-53D5-48B7-9CF4-6177CC8BBDC8}.Release|Any CPU.Build.0 = Release|Any CPU
		{D4D2B251-FD52-49A0-BB8E-40EEDC8A26F0}.Debug|Any CPU.ActiveCfg = Debug|Any CPU
		{D4D2B251-FD52-49A0-BB8E-40EEDC8A26F0}.Debug|Any CPU.Build.0 = Debug|Any CPU
		{D4D2B251-FD52-49A0-BB8E-40EEDC8A26F0}.Release|Any CPU.ActiveCfg = Release|Any CPU
		{D4D2B251-FD52-49A0-BB8E-40EEDC8A26F0}.Release|Any CPU.Build.0 = Release|Any CPU
		{CBCAFCE0-82A2-4150-B966-FB3C4693CC89}.Debug|Any CPU.ActiveCfg = Debug|Any CPU
		{CBCAFCE0-82A2-4150-B966-FB3C4693CC89}.Debug|Any CPU.Build.0 = Debug|Any CPU
		{CBCAFCE0-82A2-4150-B966-FB3C4693CC89}.Release|Any CPU.ActiveCfg = Release|Any CPU
		{CBCAFCE0-82A2-4150-B966-FB3C4693CC89}.Release|Any CPU.Build.0 = Release|Any CPU
		{7FE402D2-CB1B-4F95-A6E2-D3B162888DBB}.Debug|Any CPU.ActiveCfg = Debug|Any CPU
		{7FE402D2-CB1B-4F95-A6E2-D3B162888DBB}.Debug|Any CPU.Build.0 = Debug|Any CPU
		{7FE402D2-CB1B-4F95-A6E2-D3B162888DBB}.Release|Any CPU.ActiveCfg = Release|Any CPU
		{7FE402D2-CB1B-4F95-A6E2-D3B162888DBB}.Release|Any CPU.Build.0 = Release|Any CPU
		{235EC321-FF57-4A53-9FB1-87F236F85B56}.Debug|Any CPU.ActiveCfg = Debug|Any CPU
		{235EC321-FF57-4A53-9FB1-87F236F85B56}.Debug|Any CPU.Build.0 = Debug|Any CPU
		{235EC321-FF57-4A53-9FB1-87F236F85B56}.Release|Any CPU.ActiveCfg = Release|Any CPU
		{235EC321-FF57-4A53-9FB1-87F236F85B56}.Release|Any CPU.Build.0 = Release|Any CPU
		{4B7F56CF-BE97-4AD5-A98B-F53313331F4B}.Debug|Any CPU.ActiveCfg = Debug|Any CPU
		{4B7F56CF-BE97-4AD5-A98B-F53313331F4B}.Debug|Any CPU.Build.0 = Debug|Any CPU
		{4B7F56CF-BE97-4AD5-A98B-F53313331F4B}.Release|Any CPU.ActiveCfg = Release|Any CPU
		{4B7F56CF-BE97-4AD5-A98B-F53313331F4B}.Release|Any CPU.Build.0 = Release|Any CPU
	EndGlobalSection
	GlobalSection(SolutionProperties) = preSolution
		HideSolutionNode = FALSE
	EndGlobalSection
	GlobalSection(ExtensibilityGlobals) = postSolution
		SolutionGuid = {37E905D2-6867-4310-B40C-4C4FB1CE7BBA}
	EndGlobalSection
EndGlobal
